Microsoft Visual Studio Solution File, Format Version 12.00
# Visual Studio Version 17
VisualStudioVersion = 17.5.2.0
MinimumVisualStudioVersion = 10.0.40219.1
Project("{FAE04EC0-301F-11D3-BF4B-00C04F79EFBC}") = "Task_2", "Task_2.csproj", "{BBA3866D-D895-E2BF-498A-4BD68099D8AB}"
EndProject
Global
	GlobalSection(SolutionConfigurationPlatforms) = preSolution
		Debug|Any CPU = Debug|Any CPU
		Release|Any CPU = Release|Any CPU
	EndGlobalSection
	GlobalSection(ProjectConfigurationPlatforms) = postSolution
		{BBA3866D-D895-E2BF-498A-4BD68099D8AB}.Debug|Any CPU.ActiveCfg = Debug|Any CPU
		{BBA3866D-D895-E2BF-498A-4BD68099D8AB}.Debug|Any CPU.Build.0 = Debug|Any CPU
		{BBA3866D-D895-E2BF-498A-4BD68099D8AB}.Release|Any CPU.ActiveCfg = Release|Any CPU
		{BBA3866D-D895-E2BF-498A-4BD68099D8AB}.Release|Any CPU.Build.0 = Release|Any CPU
	EndGlobalSection
	GlobalSection(SolutionProperties) = preSolution
		HideSolutionNode = FALSE
	EndGlobalSection
	GlobalSection(ExtensibilityGlobals) = postSolution
		SolutionGuid = {F1C4BEF4-421A-4234-AD75-BAE20AF39B62}
	EndGlobalSection
EndGlobal
